
Microsoft Visual Studio Solution File, Format Version 12.00
# Visual Studio Version 16
VisualStudioVersion = 16.0.29709.97
MinimumVisualStudioVersion = 10.0.40219.1
Project("{9A19103F-16F7-4668-BE54-9A1E7A4F7556}") = "ZDY.DMS", "ZDY.DMS\ZDY.DMS.csproj", "{ECC01E56-311D-4452-8208-8E789C0BBC73}"
EndProject
Project("{2150E333-8FDC-42A3-9474-1A3956D46DE8}") = "0 Framework", "0 Framework", "{47BEB9EF-FCDF-4D01-807C-AD132F29869F}"
EndProject
Project("{9A19103F-16F7-4668-BE54-9A1E7A4F7556}") = "ZDY.DMS.Tools", "ZDY.DMS.Tools\ZDY.DMS.Tools.csproj", "{84A87A70-0C1F-4EC4-A51B-F2452E3540D8}"
EndProject
Project("{9A19103F-16F7-4668-BE54-9A1E7A4F7556}") = "ZDY.DMS.Caching.InMemory", "ZDY.DMS.Caching.InMemory\ZDY.DMS.Caching.InMemory.csproj", "{A706CA3C-999F-4045-B5CF-F4DF187431D1}"
EndProject
Project("{9A19103F-16F7-4668-BE54-9A1E7A4F7556}") = "ZDY.DMS.Repositories.EntityFramework", "ZDY.DMS.Repositories.EntityFramework\ZDY.DMS.Repositories.EntityFramework.csproj", "{576EBC28-7EB8-4C35-B660-EE90DBC516BF}"
EndProject
Project("{9A19103F-16F7-4668-BE54-9A1E7A4F7556}") = "ZDY.DMS.Services.UserService", "ZDY.DMS.Services.UserService\ZDY.DMS.Services.UserService.csproj", "{0DC840B2-1D68-4375-9275-92D3402C5931}"
EndProject
Project("{9A19103F-16F7-4668-BE54-9A1E7A4F7556}") = "ZDY.DMS.AspNetCore", "ZDY.DMS.AspNetCore\ZDY.DMS.AspNetCore.csproj", "{2421560F-ED46-4913-8D3C-828CBBFE56D0}"
EndProject
Project("{9A19103F-16F7-4668-BE54-9A1E7A4F7556}") = "ZDY.DMS.Services.AuthService", "ZDY.DMS.Services.AuthService\ZDY.DMS.Services.AuthService.csproj", "{3B011598-4DC8-4EE2-ADA9-F34F3DB56E66}"
EndProject
Project("{9A19103F-16F7-4668-BE54-9A1E7A4F7556}") = "ZDY.DMS.Services.OrganizationService", "ZDY.DMS.Services.OrganizationService\ZDY.DMS.Services.OrganizationService.csproj", "{360888F0-99F2-4279-AC29-0E9135B68FD7}"
EndProject
Project("{9A19103F-16F7-4668-BE54-9A1E7A4F7556}") = "ZDY.DMS.Services.PermissionService", "ZDY.DMS.Services.PermissionService\ZDY.DMS.Services.PermissionService.csproj", "{1E969F64-6209-4F86-8728-C15905277F88}"
EndProject
Project("{9A19103F-16F7-4668-BE54-9A1E7A4F7556}") = "ZDY.DMS.Services.AdminService", "ZDY.DMS.Services.AdminService\ZDY.DMS.Services.AdminService.csproj", "{C4A1F30E-8650-4A20-967E-342AC3AB1BDB}"
EndProject
Project("{9A19103F-16F7-4668-BE54-9A1E7A4F7556}") = "ZDY.DMS.Services.MessageService", "ZDY.DMS.Services.MessageService\ZDY.DMS.Services.MessageService.csproj", "{C52A7E4F-E571-475F-A06D-6FEAC77C26C6}"
EndProject
Project("{9A19103F-16F7-4668-BE54-9A1E7A4F7556}") = "ZDY.DMS.Services.WorkFlowService", "ZDY.DMS.Services.WorkFlowService\ZDY.DMS.Services.WorkFlowService.csproj", "{AE4F3B4F-D1CA-46D9-B1EA-CA613E5B7242}"
EndProject
Project("{9A19103F-16F7-4668-BE54-9A1E7A4F7556}") = "ZDY.DMS.Querying.DataTableGateway.SQLServer", "ZDY.DMS.Querying.DataTableGateway.SQLServer\ZDY.DMS.Querying.DataTableGateway.SQLServer.csproj", "{4A77811D-20A2-4500-B675-2F2FCB9DAB00}"
EndProject
Project("{9A19103F-16F7-4668-BE54-9A1E7A4F7556}") = "ZDY.DMS.Querying.DataTableGateway.MySQL", "ZDY.DMS.Querying.DataTableGateway.MySQL\ZDY.DMS.Querying.DataTableGateway.MySQL.csproj", "{5612818F-91C0-4FA0-AF11-0260967D9235}"
EndProject
Project("{9A19103F-16F7-4668-BE54-9A1E7A4F7556}") = "ZDY.DMS.Web", "ZDY.DMS.Web\ZDY.DMS.Web.csproj", "{37CBDE31-83AD-4F94-9D72-D62E60E663C1}"
EndProject
Project("{9A19103F-16F7-4668-BE54-9A1E7A4F7556}") = "ZDY.DMS.API", "ZDY.DMS.API\ZDY.DMS.API.csproj", "{7D85D74A-F84A-4492-AD57-EE5BCB4E368A}"
EndProject
Project("{9A19103F-16F7-4668-BE54-9A1E7A4F7556}") = "ZDY.DMS.ServiceProvider.Autofac", "ZDY.DMS.Extensions.DependencyInjection.Autofac\ZDY.DMS.ServiceProvider.Autofac.csproj", "{ED73E046-FBF1-4308-8356-527505F217F4}"
EndProject
Project("{2150E333-8FDC-42A3-9474-1A3956D46DE8}") = "1 Foundation", "1 Foundation", "{26E25EBA-E358-42CB-AD9C-00008BCC82C6}"
EndProject
Project("{2150E333-8FDC-42A3-9474-1A3956D46DE8}") = "2 Application", "2 Application", "{C7311382-58D1-44A8-ADF6-057A0DA9B433}"
EndProject
Project("{9A19103F-16F7-4668-BE54-9A1E7A4F7556}") = "ZDY.DMS.DataPermission", "ZDY.DMS.DataPermission\ZDY.DMS.DataPermission.csproj", "{4472CA8D-D908-467C-85C9-33D3696A0E39}"
EndProject
Project("{9A19103F-16F7-4668-BE54-9A1E7A4F7556}") = "ZDY.DMS.EventStore.AdoNet", "ZDY.DMS.EventStore.AdoNet\ZDY.DMS.EventStore.AdoNet.csproj", "{04D95A39-EFD6-4846-AA56-463C9716DB21}"
EndProject
Project("{9A19103F-16F7-4668-BE54-9A1E7A4F7556}") = "ZDY.DMS.EventStore.MySQL", "ZDY.DMS.EventStore.MySQL\ZDY.DMS.EventStore.MySQL.csproj", "{63FE1463-73E0-437C-8F9A-4D86833D5F9F}"
EndProject
Project("{9A19103F-16F7-4668-BE54-9A1E7A4F7556}") = "ZDY.DMS.EventStore.PostgreSQL", "ZDY.DMS.EventStore.PostgreSQL\ZDY.DMS.EventStore.PostgreSQL.csproj", "{2D0EB526-0CA0-44AC-9870-35C8EDCB0E56}"
EndProject
Project("{9A19103F-16F7-4668-BE54-9A1E7A4F7556}") = "ZDY.DMS.EventStore.Simple", "ZDY.DMS.EventStore.Simple\ZDY.DMS.EventStore.Simple.csproj", "{04218139-F5E2-488A-94B7-8465C218E4D9}"
EndProject
Project("{9A19103F-16F7-4668-BE54-9A1E7A4F7556}") = "ZDY.DMS.EventStore.SQLServer", "ZDY.DMS.EventStore.SQLServer\ZDY.DMS.EventStore.SQLServer.csproj", "{89F365AD-5829-4B51-B015-6BAC110FD72D}"
EndProject
Project("{9A19103F-16F7-4668-BE54-9A1E7A4F7556}") = "ZDY.DMS.Messaging.RabbitMQ", "ZDY.DMS.Messaging.RabbitMQ\ZDY.DMS.Messaging.RabbitMQ.csproj", "{7C75BF25-AC2D-4E90-9990-29CE181E79BA}"
EndProject
Project("{9A19103F-16F7-4668-BE54-9A1E7A4F7556}") = "ZDY.DMS.Serialization.Json", "ZDY.DMS.Serialization.Json\ZDY.DMS.Serialization.Json.csproj", "{F8A9DCC6-4C42-4A77-88A9-865393DB1CF6}"
EndProject
Project("{9A19103F-16F7-4668-BE54-9A1E7A4F7556}") = "ZDY.DMS.Messaging.Simple", "ZDY.DMS.Messaging.Simple\ZDY.DMS.Messaging.Simple.csproj", "{7182AEBE-3453-402E-8940-2B9B6B0AA4ED}"
EndProject
Project("{9A19103F-16F7-4668-BE54-9A1E7A4F7556}") = "ZDY.DMS.Services.Common", "ZDY.DMS.Services.Common\ZDY.DMS.Services.Common.csproj", "{01CD5837-DA0D-4B05-916D-91F97E49A6E0}"
EndProject
Project("{9A19103F-16F7-4668-BE54-9A1E7A4F7556}") = "ZDY.Metronic.UI", "ZDY.Metronic.UI\ZDY.Metronic.UI.csproj", "{248FAE49-8E5B-4755-A316-D24534A6DA78}"
EndProject
Project("{2150E333-8FDC-42A3-9474-1A3956D46DE8}") = "3 Web", "3 Web", "{3C207414-E664-405E-9BD1-79BFC5D752B2}"
EndProject
Global
	GlobalSection(SolutionConfigurationPlatforms) = preSolution
		Debug|Any CPU = Debug|Any CPU
		Release|Any CPU = Release|Any CPU
	EndGlobalSection
	GlobalSection(ProjectConfigurationPlatforms) = postSolution
		{ECC01E56-311D-4452-8208-8E789C0BBC73}.Debug|Any CPU.ActiveCfg = Debug|Any CPU
		{ECC01E56-311D-4452-8208-8E789C0BBC73}.Debug|Any CPU.Build.0 = Debug|Any CPU
		{ECC01E56-311D-4452-8208-8E789C0BBC73}.Release|Any CPU.ActiveCfg = Release|Any CPU
		{ECC01E56-311D-4452-8208-8E789C0BBC73}.Release|Any CPU.Build.0 = Release|Any CPU
		{84A87A70-0C1F-4EC4-A51B-F2452E3540D8}.Debug|Any CPU.ActiveCfg = Debug|Any CPU
		{84A87A70-0C1F-4EC4-A51B-F2452E3540D8}.Debug|Any CPU.Build.0 = Debug|Any CPU
		{84A87A70-0C1F-4EC4-A51B-F2452E3540D8}.Release|Any CPU.ActiveCfg = Release|Any CPU
		{84A87A70-0C1F-4EC4-A51B-F2452E3540D8}.Release|Any CPU.Build.0 = Release|Any CPU
		{A706CA3C-999F-4045-B5CF-F4DF187431D1}.Debug|Any CPU.ActiveCfg = Debug|Any CPU
		{A706CA3C-999F-4045-B5CF-F4DF187431D1}.Debug|Any CPU.Build.0 = Debug|Any CPU
		{A706CA3C-999F-4045-B5CF-F4DF187431D1}.Release|Any CPU.ActiveCfg = Release|Any CPU
		{A706CA3C-999F-4045-B5CF-F4DF187431D1}.Release|Any CPU.Build.0 = Release|Any CPU
		{576EBC28-7EB8-4C35-B660-EE90DBC516BF}.Debug|Any CPU.ActiveCfg = Debug|Any CPU
		{576EBC28-7EB8-4C35-B660-EE90DBC516BF}.Debug|Any CPU.Build.0 = Debug|Any CPU
		{576EBC28-7EB8-4C35-B660-EE90DBC516BF}.Release|Any CPU.ActiveCfg = Release|Any CPU
		{576EBC28-7EB8-4C35-B660-EE90DBC516BF}.Release|Any CPU.Build.0 = Release|Any CPU
		{0DC840B2-1D68-4375-9275-92D3402C5931}.Debug|Any CPU.ActiveCfg = Debug|Any CPU
		{0DC840B2-1D68-4375-9275-92D3402C5931}.Debug|Any CPU.Build.0 = Debug|Any CPU
		{0DC840B2-1D68-4375-9275-92D3402C5931}.Release|Any CPU.ActiveCfg = Release|Any CPU
		{0DC840B2-1D68-4375-9275-92D3402C5931}.Release|Any CPU.Build.0 = Release|Any CPU
		{2421560F-ED46-4913-8D3C-828CBBFE56D0}.Debug|Any CPU.ActiveCfg = Debug|Any CPU
		{2421560F-ED46-4913-8D3C-828CBBFE56D0}.Debug|Any CPU.Build.0 = Debug|Any CPU
		{2421560F-ED46-4913-8D3C-828CBBFE56D0}.Release|Any CPU.ActiveCfg = Release|Any CPU
		{2421560F-ED46-4913-8D3C-828CBBFE56D0}.Release|Any CPU.Build.0 = Release|Any CPU
		{3B011598-4DC8-4EE2-ADA9-F34F3DB56E66}.Debug|Any CPU.ActiveCfg = Debug|Any CPU
		{3B011598-4DC8-4EE2-ADA9-F34F3DB56E66}.Debug|Any CPU.Build.0 = Debug|Any CPU
		{3B011598-4DC8-4EE2-ADA9-F34F3DB56E66}.Release|Any CPU.ActiveCfg = Release|Any CPU
		{3B011598-4DC8-4EE2-ADA9-F34F3DB56E66}.Release|Any CPU.Build.0 = Release|Any CPU
		{360888F0-99F2-4279-AC29-0E9135B68FD7}.Debug|Any CPU.ActiveCfg = Debug|Any CPU
		{360888F0-99F2-4279-AC29-0E9135B68FD7}.Debug|Any CPU.Build.0 = Debug|Any CPU
		{360888F0-99F2-4279-AC29-0E9135B68FD7}.Release|Any CPU.ActiveCfg = Release|Any CPU
		{360888F0-99F2-4279-AC29-0E9135B68FD7}.Release|Any CPU.Build.0 = Release|Any CPU
		{1E969F64-6209-4F86-8728-C15905277F88}.Debug|Any CPU.ActiveCfg = Debug|Any CPU
		{1E969F64-6209-4F86-8728-C15905277F88}.Debug|Any CPU.Build.0 = Debug|Any CPU
		{1E969F64-6209-4F86-8728-C15905277F88}.Release|Any CPU.ActiveCfg = Release|Any CPU
		{1E969F64-6209-4F86-8728-C15905277F88}.Release|Any CPU.Build.0 = Release|Any CPU
		{C4A1F30E-8650-4A20-967E-342AC3AB1BDB}.Debug|Any CPU.ActiveCfg = Debug|Any CPU
		{C4A1F30E-8650-4A20-967E-342AC3AB1BDB}.Debug|Any CPU.Build.0 = Debug|Any CPU
		{C4A1F30E-8650-4A20-967E-342AC3AB1BDB}.Release|Any CPU.ActiveCfg = Release|Any CPU
		{C4A1F30E-8650-4A20-967E-342AC3AB1BDB}.Release|Any CPU.Build.0 = Release|Any CPU
		{C52A7E4F-E571-475F-A06D-6FEAC77C26C6}.Debug|Any CPU.ActiveCfg = Debug|Any CPU
		{C52A7E4F-E571-475F-A06D-6FEAC77C26C6}.Debug|Any CPU.Build.0 = Debug|Any CPU
		{C52A7E4F-E571-475F-A06D-6FEAC77C26C6}.Release|Any CPU.ActiveCfg = Release|Any CPU
		{C52A7E4F-E571-475F-A06D-6FEAC77C26C6}.Release|Any CPU.Build.0 = Release|Any CPU
		{AE4F3B4F-D1CA-46D9-B1EA-CA613E5B7242}.Debug|Any CPU.ActiveCfg = Debug|Any CPU
		{AE4F3B4F-D1CA-46D9-B1EA-CA613E5B7242}.Debug|Any CPU.Build.0 = Debug|Any CPU
		{AE4F3B4F-D1CA-46D9-B1EA-CA613E5B7242}.Release|Any CPU.ActiveCfg = Release|Any CPU
		{AE4F3B4F-D1CA-46D9-B1EA-CA613E5B7242}.Release|Any CPU.Build.0 = Release|Any CPU
		{4A77811D-20A2-4500-B675-2F2FCB9DAB00}.Debug|Any CPU.ActiveCfg = Debug|Any CPU
		{4A77811D-20A2-4500-B675-2F2FCB9DAB00}.Debug|Any CPU.Build.0 = Debug|Any CPU
		{4A77811D-20A2-4500-B675-2F2FCB9DAB00}.Release|Any CPU.ActiveCfg = Release|Any CPU
		{4A77811D-20A2-4500-B675-2F2FCB9DAB00}.Release|Any CPU.Build.0 = Release|Any CPU
		{5612818F-91C0-4FA0-AF11-0260967D9235}.Debug|Any CPU.ActiveCfg = Debug|Any CPU
		{5612818F-91C0-4FA0-AF11-0260967D9235}.Debug|Any CPU.Build.0 = Debug|Any CPU
		{5612818F-91C0-4FA0-AF11-0260967D9235}.Release|Any CPU.ActiveCfg = Release|Any CPU
		{5612818F-91C0-4FA0-AF11-0260967D9235}.Release|Any CPU.Build.0 = Release|Any CPU
		{37CBDE31-83AD-4F94-9D72-D62E60E663C1}.Debug|Any CPU.ActiveCfg = Debug|Any CPU
		{37CBDE31-83AD-4F94-9D72-D62E60E663C1}.Debug|Any CPU.Build.0 = Debug|Any CPU
		{37CBDE31-83AD-4F94-9D72-D62E60E663C1}.Release|Any CPU.ActiveCfg = Release|Any CPU
		{37CBDE31-83AD-4F94-9D72-D62E60E663C1}.Release|Any CPU.Build.0 = Release|Any CPU
		{7D85D74A-F84A-4492-AD57-EE5BCB4E368A}.Debug|Any CPU.ActiveCfg = Debug|Any CPU
		{7D85D74A-F84A-4492-AD57-EE5BCB4E368A}.Debug|Any CPU.Build.0 = Debug|Any CPU
		{7D85D74A-F84A-4492-AD57-EE5BCB4E368A}.Release|Any CPU.ActiveCfg = Release|Any CPU
		{7D85D74A-F84A-4492-AD57-EE5BCB4E368A}.Release|Any CPU.Build.0 = Release|Any CPU
		{ED73E046-FBF1-4308-8356-527505F217F4}.Debug|Any CPU.ActiveCfg = Debug|Any CPU
		{ED73E046-FBF1-4308-8356-527505F217F4}.Debug|Any CPU.Build.0 = Debug|Any CPU
		{ED73E046-FBF1-4308-8356-527505F217F4}.Release|Any CPU.ActiveCfg = Release|Any CPU
		{ED73E046-FBF1-4308-8356-527505F217F4}.Release|Any CPU.Build.0 = Release|Any CPU
		{4472CA8D-D908-467C-85C9-33D3696A0E39}.Debug|Any CPU.ActiveCfg = Debug|Any CPU
		{4472CA8D-D908-467C-85C9-33D3696A0E39}.Debug|Any CPU.Build.0 = Debug|Any CPU
		{4472CA8D-D908-467C-85C9-33D3696A0E39}.Release|Any CPU.ActiveCfg = Release|Any CPU
		{4472CA8D-D908-467C-85C9-33D3696A0E39}.Release|Any CPU.Build.0 = Release|Any CPU
		{04D95A39-EFD6-4846-AA56-463C9716DB21}.Debug|Any CPU.ActiveCfg = Debug|Any CPU
		{04D95A39-EFD6-4846-AA56-463C9716DB21}.Debug|Any CPU.Build.0 = Debug|Any CPU
		{04D95A39-EFD6-4846-AA56-463C9716DB21}.Release|Any CPU.ActiveCfg = Release|Any CPU
		{04D95A39-EFD6-4846-AA56-463C9716DB21}.Release|Any CPU.Build.0 = Release|Any CPU
		{63FE1463-73E0-437C-8F9A-4D86833D5F9F}.Debug|Any CPU.ActiveCfg = Debug|Any CPU
		{63FE1463-73E0-437C-8F9A-4D86833D5F9F}.Debug|Any CPU.Build.0 = Debug|Any CPU
		{63FE1463-73E0-437C-8F9A-4D86833D5F9F}.Release|Any CPU.ActiveCfg = Release|Any CPU
		{63FE1463-73E0-437C-8F9A-4D86833D5F9F}.Release|Any CPU.Build.0 = Release|Any CPU
		{2D0EB526-0CA0-44AC-9870-35C8EDCB0E56}.Debug|Any CPU.ActiveCfg = Debug|Any CPU
		{2D0EB526-0CA0-44AC-9870-35C8EDCB0E56}.Debug|Any CPU.Build.0 = Debug|Any CPU
		{2D0EB526-0CA0-44AC-9870-35C8EDCB0E56}.Release|Any CPU.ActiveCfg = Release|Any CPU
		{2D0EB526-0CA0-44AC-9870-35C8EDCB0E56}.Release|Any CPU.Build.0 = Release|Any CPU
		{04218139-F5E2-488A-94B7-8465C218E4D9}.Debug|Any CPU.ActiveCfg = Debug|Any CPU
		{04218139-F5E2-488A-94B7-8465C218E4D9}.Debug|Any CPU.Build.0 = Debug|Any CPU
		{04218139-F5E2-488A-94B7-8465C218E4D9}.Release|Any CPU.ActiveCfg = Release|Any CPU
		{04218139-F5E2-488A-94B7-8465C218E4D9}.Release|Any CPU.Build.0 = Release|Any CPU
		{89F365AD-5829-4B51-B015-6BAC110FD72D}.Debug|Any CPU.ActiveCfg = Debug|Any CPU
		{89F365AD-5829-4B51-B015-6BAC110FD72D}.Debug|Any CPU.Build.0 = Debug|Any CPU
		{89F365AD-5829-4B51-B015-6BAC110FD72D}.Release|Any CPU.ActiveCfg = Release|Any CPU
		{89F365AD-5829-4B51-B015-6BAC110FD72D}.Release|Any CPU.Build.0 = Release|Any CPU
		{7C75BF25-AC2D-4E90-9990-29CE181E79BA}.Debug|Any CPU.ActiveCfg = Debug|Any CPU
		{7C75BF25-AC2D-4E90-9990-29CE181E79BA}.Debug|Any CPU.Build.0 = Debug|Any CPU
		{7C75BF25-AC2D-4E90-9990-29CE181E79BA}.Release|Any CPU.ActiveCfg = Release|Any CPU
		{7C75BF25-AC2D-4E90-9990-29CE181E79BA}.Release|Any CPU.Build.0 = Release|Any CPU
		{F8A9DCC6-4C42-4A77-88A9-865393DB1CF6}.Debug|Any CPU.ActiveCfg = Debug|Any CPU
		{F8A9DCC6-4C42-4A77-88A9-865393DB1CF6}.Debug|Any CPU.Build.0 = Debug|Any CPU
		{F8A9DCC6-4C42-4A77-88A9-865393DB1CF6}.Release|Any CPU.ActiveCfg = Release|Any CPU
		{F8A9DCC6-4C42-4A77-88A9-865393DB1CF6}.Release|Any CPU.Build.0 = Release|Any CPU
		{7182AEBE-3453-402E-8940-2B9B6B0AA4ED}.Debug|Any CPU.ActiveCfg = Debug|Any CPU
		{7182AEBE-3453-402E-8940-2B9B6B0AA4ED}.Debug|Any CPU.Build.0 = Debug|Any CPU
		{7182AEBE-3453-402E-8940-2B9B6B0AA4ED}.Release|Any CPU.ActiveCfg = Release|Any CPU
		{7182AEBE-3453-402E-8940-2B9B6B0AA4ED}.Release|Any CPU.Build.0 = Release|Any CPU
		{01CD5837-DA0D-4B05-916D-91F97E49A6E0}.Debug|Any CPU.ActiveCfg = Debug|Any CPU
		{01CD5837-DA0D-4B05-916D-91F97E49A6E0}.Debug|Any CPU.Build.0 = Debug|Any CPU
		{01CD5837-DA0D-4B05-916D-91F97E49A6E0}.Release|Any CPU.ActiveCfg = Release|Any CPU
		{01CD5837-DA0D-4B05-916D-91F97E49A6E0}.Release|Any CPU.Build.0 = Release|Any CPU
		{248FAE49-8E5B-4755-A316-D24534A6DA78}.Debug|Any CPU.ActiveCfg = Debug|Any CPU
		{248FAE49-8E5B-4755-A316-D24534A6DA78}.Debug|Any CPU.Build.0 = Debug|Any CPU
		{248FAE49-8E5B-4755-A316-D24534A6DA78}.Release|Any CPU.ActiveCfg = Release|Any CPU
		{248FAE49-8E5B-4755-A316-D24534A6DA78}.Release|Any CPU.Build.0 = Release|Any CPU
	EndGlobalSection
	GlobalSection(SolutionProperties) = preSolution
		HideSolutionNode = FALSE
	EndGlobalSection
	GlobalSection(NestedProjects) = preSolution
		{ECC01E56-311D-4452-8208-8E789C0BBC73} = {47BEB9EF-FCDF-4D01-807C-AD132F29869F}
		{84A87A70-0C1F-4EC4-A51B-F2452E3540D8} = {26E25EBA-E358-42CB-AD9C-00008BCC82C6}
		{A706CA3C-999F-4045-B5CF-F4DF187431D1} = {47BEB9EF-FCDF-4D01-807C-AD132F29869F}
		{576EBC28-7EB8-4C35-B660-EE90DBC516BF} = {47BEB9EF-FCDF-4D01-807C-AD132F29869F}
		{0DC840B2-1D68-4375-9275-92D3402C5931} = {C7311382-58D1-44A8-ADF6-057A0DA9B433}
		{2421560F-ED46-4913-8D3C-828CBBFE56D0} = {26E25EBA-E358-42CB-AD9C-00008BCC82C6}
		{3B011598-4DC8-4EE2-ADA9-F34F3DB56E66} = {C7311382-58D1-44A8-ADF6-057A0DA9B433}
		{360888F0-99F2-4279-AC29-0E9135B68FD7} = {C7311382-58D1-44A8-ADF6-057A0DA9B433}
		{1E969F64-6209-4F86-8728-C15905277F88} = {C7311382-58D1-44A8-ADF6-057A0DA9B433}
		{C4A1F30E-8650-4A20-967E-342AC3AB1BDB} = {C7311382-58D1-44A8-ADF6-057A0DA9B433}
		{C52A7E4F-E571-475F-A06D-6FEAC77C26C6} = {C7311382-58D1-44A8-ADF6-057A0DA9B433}
		{AE4F3B4F-D1CA-46D9-B1EA-CA613E5B7242} = {C7311382-58D1-44A8-ADF6-057A0DA9B433}
		{4A77811D-20A2-4500-B675-2F2FCB9DAB00} = {47BEB9EF-FCDF-4D01-807C-AD132F29869F}
		{5612818F-91C0-4FA0-AF11-0260967D9235} = {47BEB9EF-FCDF-4D01-807C-AD132F29869F}
		{7D85D74A-F84A-4492-AD57-EE5BCB4E368A} = {3C207414-E664-405E-9BD1-79BFC5D752B2}
		{ED73E046-FBF1-4308-8356-527505F217F4} = {47BEB9EF-FCDF-4D01-807C-AD132F29869F}
		{4472CA8D-D908-467C-85C9-33D3696A0E39} = {26E25EBA-E358-42CB-AD9C-00008BCC82C6}
		{04D95A39-EFD6-4846-AA56-463C9716DB21} = {47BEB9EF-FCDF-4D01-807C-AD132F29869F}
		{63FE1463-73E0-437C-8F9A-4D86833D5F9F} = {47BEB9EF-FCDF-4D01-807C-AD132F29869F}
		{2D0EB526-0CA0-44AC-9870-35C8EDCB0E56} = {47BEB9EF-FCDF-4D01-807C-AD132F29869F}
		{04218139-F5E2-488A-94B7-8465C218E4D9} = {47BEB9EF-FCDF-4D01-807C-AD132F29869F}
		{89F365AD-5829-4B51-B015-6BAC110FD72D} = {47BEB9EF-FCDF-4D01-807C-AD132F29869F}
		{7C75BF25-AC2D-4E90-9990-29CE181E79BA} = {47BEB9EF-FCDF-4D01-807C-AD132F29869F}
		{F8A9DCC6-4C42-4A77-88A9-865393DB1CF6} = {47BEB9EF-FCDF-4D01-807C-AD132F29869F}
		{7182AEBE-3453-402E-8940-2B9B6B0AA4ED} = {47BEB9EF-FCDF-4D01-807C-AD132F29869F}
		{01CD5837-DA0D-4B05-916D-91F97E49A6E0} = {26E25EBA-E358-42CB-AD9C-00008BCC82C6}
	EndGlobalSection
	GlobalSection(ExtensibilityGlobals) = postSolution
		SolutionGuid = {203329F8-A6E0-4EF8-98C6-BCF0C0BB7A6A}
	EndGlobalSection
EndGlobal
